
Microsoft Visual Studio Solution File, Format Version 12.00
# Visual Studio Version 17
VisualStudioVersion = 17.5.002.0
MinimumVisualStudioVersion = 10.0.40219.1
Project("{2150E333-8FDC-42A3-9474-1A3956D46DE8}") = "Labfiles", "Labfiles", "{B0966521-6A53-467B-9F5B-8F0C9457B025}"
EndProject
Project("{2150E333-8FDC-42A3-9474-1A3956D46DE8}") = "01-analyze-text", "01-analyze-text", "{05F6A5AD-C821-4F33-8E24-CEC3CCB69F71}"
EndProject
Project("{2150E333-8FDC-42A3-9474-1A3956D46DE8}") = "C-Sharp", "C-Sharp", "{6B74811E-5898-479B-AF07-00566DA8992B}"
EndProject
Project("{9A19103F-16F7-4668-BE54-9A1E7A4F7556}") = "text-analysis", "Labfiles\01-analyze-text\C-Sharp\text-analysis\text-analysis.csproj", "{82C798A9-6F9D-4538-8AE9-5C50359D1C85}"
EndProject
Project("{2150E333-8FDC-42A3-9474-1A3956D46DE8}") = "02-qna", "02-qna", "{71E6116C-7A37-48D2-BB55-0A34211F3BD2}"
EndProject
Project("{2150E333-8FDC-42A3-9474-1A3956D46DE8}") = "C-Sharp", "C-Sharp", "{F05D3CD1-0E5E-4014-A279-3EC9272CE61B}"
EndProject
Project("{9A19103F-16F7-4668-BE54-9A1E7A4F7556}") = "qna-app", "Labfiles\02-qna\C-Sharp\qna-app\qna-app.csproj", "{CC5FD0DC-C4C2-4A45-904D-B40171CB58AF}"
EndProject
Project("{2150E333-8FDC-42A3-9474-1A3956D46DE8}") = "03-language", "03-language", "{04FEA945-0F4B-44FD-BAC1-7D1F25575AA0}"
EndProject
Project("{2150E333-8FDC-42A3-9474-1A3956D46DE8}") = "C-Sharp", "C-Sharp", "{815B12B8-4394-4AF2-9B40-E1210FDA3F36}"
EndProject
Project("{9A19103F-16F7-4668-BE54-9A1E7A4F7556}") = "clock_client", "Labfiles\03-language\C-Sharp\clock-client\clock_client.csproj", "{70B44550-E68B-4C0D-AD08-C6ECFAFDB0BD}"
EndProject
Project("{2150E333-8FDC-42A3-9474-1A3956D46DE8}") = "04-text-classification", "04-text-classification", "{57913FF8-A6E3-493E-8B76-8D88117B4AE3}"
EndProject
Project("{2150E333-8FDC-42A3-9474-1A3956D46DE8}") = "C-Sharp", "C-Sharp", "{D4E55464-C548-4CBF-84AB-BE004D974E5C}"
EndProject
Project("{9A19103F-16F7-4668-BE54-9A1E7A4F7556}") = "classify-text", "Labfiles\04-text-classification\C-Sharp\classify-text\classify-text.csproj", "{A299A06F-FFCE-409A-8664-1A98C4FB8B7B}"
EndProject
Project("{2150E333-8FDC-42A3-9474-1A3956D46DE8}") = "05-custom-entity-recognition", "05-custom-entity-recognition", "{EBD1CDBC-252A-49E6-A99F-243FB66964A5}"
EndProject
Project("{2150E333-8FDC-42A3-9474-1A3956D46DE8}") = "C-Sharp", "C-Sharp", "{4C2031A5-84B8-4097-8929-FF2AFD11C18D}"
EndProject
Project("{9A19103F-16F7-4668-BE54-9A1E7A4F7556}") = "custom-entities", "Labfiles\05-custom-entity-recognition\C-Sharp\custom-entities\custom-entities.csproj", "{54A45568-BBD4-4857-B81D-C3F25F1BAD4E}"
EndProject
Project("{2150E333-8FDC-42A3-9474-1A3956D46DE8}") = "06-translate-text", "06-translate-text", "{411EB0F6-F612-463C-BE3D-F2CB14B96187}"
EndProject
Project("{2150E333-8FDC-42A3-9474-1A3956D46DE8}") = "C-Sharp", "C-Sharp", "{5D9F5E7E-C698-4EC1-AC81-7380459A41A5}"
EndProject
Project("{9A19103F-16F7-4668-BE54-9A1E7A4F7556}") = "translate_text", "Labfiles\06-translate-text\C-Sharp\text-translation\translate_text.csproj", "{B3A25795-A2B8-40D8-9293-067BACF8D4DF}"
EndProject
Project("{2150E333-8FDC-42A3-9474-1A3956D46DE8}") = "06b-translator-sdk", "06b-translator-sdk", "{7D183629-7C44-4878-B48D-5F0E4428C26D}"
EndProject
Project("{2150E333-8FDC-42A3-9474-1A3956D46DE8}") = "C-Sharp", "C-Sharp", "{E94C8014-7B71-4F28-8373-633EA5E63912}"
EndProject
Project("{9A19103F-16F7-4668-BE54-9A1E7A4F7556}") = "translate_text", "Labfiles\06b-translator-sdk\C-Sharp\translate-text\translate_text.csproj", "{F1D69231-5EE1-4BD3-ADC2-A255CC6CF46D}"
EndProject
Project("{2150E333-8FDC-42A3-9474-1A3956D46DE8}") = "07-speech", "07-speech", "{FCA66A87-2968-4D93-848D-FB7F3E4B5FAE}"
EndProject
Project("{2150E333-8FDC-42A3-9474-1A3956D46DE8}") = "C-Sharp", "C-Sharp", "{ADEDCFC6-DDF2-4A8A-BD41-B087BF8AF372}"
EndProject
Project("{9A19103F-16F7-4668-BE54-9A1E7A4F7556}") = "speaking-clock", "Labfiles\07-speech\C-Sharp\speaking-clock\speaking-clock.csproj", "{318D7961-0952-4F6A-A3E5-C14C306A9C7D}"
EndProject
Project("{2150E333-8FDC-42A3-9474-1A3956D46DE8}") = "08-speech-translation", "08-speech-translation", "{691EEAC8-92A3-4584-803E-628632EDC2DB}"
EndProject
Project("{2150E333-8FDC-42A3-9474-1A3956D46DE8}") = "C-Sharp", "C-Sharp", "{6E7B49BE-29A4-4C6C-BA9D-3FEF98EBB46F}"
EndProject
Project("{9A19103F-16F7-4668-BE54-9A1E7A4F7556}") = "translator", "Labfiles\08-speech-translation\C-Sharp\translator\translator.csproj", "{BDA637FD-E95D-40CD-B30B-663E4FBEB323}"
EndProject
Global
	GlobalSection(SolutionConfigurationPlatforms) = preSolution
		Debug|Any CPU = Debug|Any CPU
		Release|Any CPU = Release|Any CPU
	EndGlobalSection
	GlobalSection(ProjectConfigurationPlatforms) = postSolution
		{82C798A9-6F9D-4538-8AE9-5C50359D1C85}.Debug|Any CPU.ActiveCfg = Debug|Any CPU
		{82C798A9-6F9D-4538-8AE9-5C50359D1C85}.Debug|Any CPU.Build.0 = Debug|Any CPU
		{82C798A9-6F9D-4538-8AE9-5C50359D1C85}.Release|Any CPU.ActiveCfg = Release|Any CPU
		{82C798A9-6F9D-4538-8AE9-5C50359D1C85}.Release|Any CPU.Build.0 = Release|Any CPU
		{CC5FD0DC-C4C2-4A45-904D-B40171CB58AF}.Debug|Any CPU.ActiveCfg = Debug|Any CPU
		{CC5FD0DC-C4C2-4A45-904D-B40171CB58AF}.Debug|Any CPU.Build.0 = Debug|Any CPU
		{CC5FD0DC-C4C2-4A45-904D-B40171CB58AF}.Release|Any CPU.ActiveCfg = Release|Any CPU
		{CC5FD0DC-C4C2-4A45-904D-B40171CB58AF}.Release|Any CPU.Build.0 = Release|Any CPU
		{70B44550-E68B-4C0D-AD08-C6ECFAFDB0BD}.Debug|Any CPU.ActiveCfg = Debug|Any CPU
		{70B44550-E68B-4C0D-AD08-C6ECFAFDB0BD}.Debug|Any CPU.Build.0 = Debug|Any CPU
		{70B44550-E68B-4C0D-AD08-C6ECFAFDB0BD}.Release|Any CPU.ActiveCfg = Release|Any CPU
		{70B44550-E68B-4C0D-AD08-C6ECFAFDB0BD}.Release|Any CPU.Build.0 = Release|Any CPU
		{A299A06F-FFCE-409A-8664-1A98C4FB8B7B}.Debug|Any CPU.ActiveCfg = Debug|Any CPU
		{A299A06F-FFCE-409A-8664-1A98C4FB8B7B}.Debug|Any CPU.Build.0 = Debug|Any CPU
		{A299A06F-FFCE-409A-8664-1A98C4FB8B7B}.Release|Any CPU.ActiveCfg = Release|Any CPU
		{A299A06F-FFCE-409A-8664-1A98C4FB8B7B}.Release|Any CPU.Build.0 = Release|Any CPU
		{54A45568-BBD4-4857-B81D-C3F25F1BAD4E}.Debug|Any CPU.ActiveCfg = Debug|Any CPU
		{54A45568-BBD4-4857-B81D-C3F25F1BAD4E}.Debug|Any CPU.Build.0 = Debug|Any CPU
		{54A45568-BBD4-4857-B81D-C3F25F1BAD4E}.Release|Any CPU.ActiveCfg = Release|Any CPU
		{54A45568-BBD4-4857-B81D-C3F25F1BAD4E}.Release|Any CPU.Build.0 = Release|Any CPU
		{B3A25795-A2B8-40D8-9293-067BACF8D4DF}.Debug|Any CPU.ActiveCfg = Debug|Any CPU
		{B3A25795-A2B8-40D8-9293-067BACF8D4DF}.Debug|Any CPU.Build.0 = Debug|Any CPU
		{B3A25795-A2B8-40D8-9293-067BACF8D4DF}.Release|Any CPU.ActiveCfg = Release|Any CPU
		{B3A25795-A2B8-40D8-9293-067BACF8D4DF}.Release|Any CPU.Build.0 = Release|Any CPU
		{F1D69231-5EE1-4BD3-ADC2-A255CC6CF46D}.Debug|Any CPU.ActiveCfg = Debug|Any CPU
		{F1D69231-5EE1-4BD3-ADC2-A255CC6CF46D}.Debug|Any CPU.Build.0 = Debug|Any CPU
		{F1D69231-5EE1-4BD3-ADC2-A255CC6CF46D}.Release|Any CPU.ActiveCfg = Release|Any CPU
		{F1D69231-5EE1-4BD3-ADC2-A255CC6CF46D}.Release|Any CPU.Build.0 = Release|Any CPU
		{318D7961-0952-4F6A-A3E5-C14C306A9C7D}.Debug|Any CPU.ActiveCfg = Debug|Any CPU
		{318D7961-0952-4F6A-A3E5-C14C306A9C7D}.Debug|Any CPU.Build.0 = Debug|Any CPU
		{318D7961-0952-4F6A-A3E5-C14C306A9C7D}.Release|Any CPU.ActiveCfg = Release|Any CPU
		{318D7961-0952-4F6A-A3E5-C14C306A9C7D}.Release|Any CPU.Build.0 = Release|Any CPU
		{BDA637FD-E95D-40CD-B30B-663E4FBEB323}.Debug|Any CPU.ActiveCfg = Debug|Any CPU
		{BDA637FD-E95D-40CD-B30B-663E4FBEB323}.Debug|Any CPU.Build.0 = Debug|Any CPU
		{BDA637FD-E95D-40CD-B30B-663E4FBEB323}.Release|Any CPU.ActiveCfg = Release|Any CPU
		{BDA637FD-E95D-40CD-B30B-663E4FBEB323}.Release|Any CPU.Build.0 = Release|Any CPU
	EndGlobalSection
	GlobalSection(SolutionProperties) = preSolution
		HideSolutionNode = FALSE
	EndGlobalSection
	GlobalSection(NestedProjects) = preSolution
		{05F6A5AD-C821-4F33-8E24-CEC3CCB69F71} = {B0966521-6A53-467B-9F5B-8F0C9457B025}
		{6B74811E-5898-479B-AF07-00566DA8992B} = {05F6A5AD-C821-4F33-8E24-CEC3CCB69F71}
		{82C798A9-6F9D-4538-8AE9-5C50359D1C85} = {6B74811E-5898-479B-AF07-00566DA8992B}
		{71E6116C-7A37-48D2-BB55-0A34211F3BD2} = {B0966521-6A53-467B-9F5B-8F0C9457B025}
		{F05D3CD1-0E5E-4014-A279-3EC9272CE61B} = {71E6116C-7A37-48D2-BB55-0A34211F3BD2}
		{CC5FD0DC-C4C2-4A45-904D-B40171CB58AF} = {F05D3CD1-0E5E-4014-A279-3EC9272CE61B}
		{04FEA945-0F4B-44FD-BAC1-7D1F25575AA0} = {B0966521-6A53-467B-9F5B-8F0C9457B025}
		{815B12B8-4394-4AF2-9B40-E1210FDA3F36} = {04FEA945-0F4B-44FD-BAC1-7D1F25575AA0}
		{70B44550-E68B-4C0D-AD08-C6ECFAFDB0BD} = {815B12B8-4394-4AF2-9B40-E1210FDA3F36}
		{57913FF8-A6E3-493E-8B76-8D88117B4AE3} = {B0966521-6A53-467B-9F5B-8F0C9457B025}
		{D4E55464-C548-4CBF-84AB-BE004D974E5C} = {57913FF8-A6E3-493E-8B76-8D88117B4AE3}
		{A299A06F-FFCE-409A-8664-1A98C4FB8B7B} = {D4E55464-C548-4CBF-84AB-BE004D974E5C}
		{EBD1CDBC-252A-49E6-A99F-243FB66964A5} = {B0966521-6A53-467B-9F5B-8F0C9457B025}
		{4C2031A5-84B8-4097-8929-FF2AFD11C18D} = {EBD1CDBC-252A-49E6-A99F-243FB66964A5}
		{54A45568-BBD4-4857-B81D-C3F25F1BAD4E} = {4C2031A5-84B8-4097-8929-FF2AFD11C18D}
		{411EB0F6-F612-463C-BE3D-F2CB14B96187} = {B0966521-6A53-467B-9F5B-8F0C9457B025}
		{5D9F5E7E-C698-4EC1-AC81-7380459A41A5} = {411EB0F6-F612-463C-BE3D-F2CB14B96187}
		{B3A25795-A2B8-40D8-9293-067BACF8D4DF} = {5D9F5E7E-C698-4EC1-AC81-7380459A41A5}
		{7D183629-7C44-4878-B48D-5F0E4428C26D} = {B0966521-6A53-467B-9F5B-8F0C9457B025}
		{E94C8014-7B71-4F28-8373-633EA5E63912} = {7D183629-7C44-4878-B48D-5F0E4428C26D}
		{F1D69231-5EE1-4BD3-ADC2-A255CC6CF46D} = {E94C8014-7B71-4F28-8373-633EA5E63912}
		{FCA66A87-2968-4D93-848D-FB7F3E4B5FAE} = {B0966521-6A53-467B-9F5B-8F0C9457B025}
		{ADEDCFC6-DDF2-4A8A-BD41-B087BF8AF372} = {FCA66A87-2968-4D93-848D-FB7F3E4B5FAE}
		{318D7961-0952-4F6A-A3E5-C14C306A9C7D} = {ADEDCFC6-DDF2-4A8A-BD41-B087BF8AF372}
		{691EEAC8-92A3-4584-803E-628632EDC2DB} = {B0966521-6A53-467B-9F5B-8F0C9457B025}
		{6E7B49BE-29A4-4C6C-BA9D-3FEF98EBB46F} = {691EEAC8-92A3-4584-803E-628632EDC2DB}
		{BDA637FD-E95D-40CD-B30B-663E4FBEB323} = {6E7B49BE-29A4-4C6C-BA9D-3FEF98EBB46F}
	EndGlobalSection
	GlobalSection(ExtensibilityGlobals) = postSolution
		SolutionGuid = {AAD38160-066F-4A80-9EF2-928ACDF629E1}
	EndGlobalSection
EndGlobal
